
Microsoft Visual Studio Solution File, Format Version 12.00
# Visual Studio Version 17
VisualStudioVersion = 17.8.34511.84
MinimumVisualStudioVersion = 10.0.40219.1
Project("{FAE04EC0-301F-11D3-BF4B-00C04F79EFBC}") = "CSCI3280_GP_Project", "CSCI3280_GP_Project\CSCI3280_GP_Project.csproj", "{8F80D241-F88B-4100-9A02-FECFF39B9F81}"
EndProject
Global
	GlobalSection(SolutionConfigurationPlatforms) = preSolution
		Debug|Any CPU = Debug|Any CPU
		Release|Any CPU = Release|Any CPU
	EndGlobalSection
	GlobalSection(ProjectConfigurationPlatforms) = postSolution
		{8F80D241-F88B-4100-9A02-FECFF39B9F81}.Debug|Any CPU.ActiveCfg = Debug|Any CPU
		{8F80D241-F88B-4100-9A02-FECFF39B9F81}.Debug|Any CPU.Build.0 = Debug|Any CPU
		{8F80D241-F88B-4100-9A02-FECFF39B9F81}.Release|Any CPU.ActiveCfg = Release|Any CPU
		{8F80D241-F88B-4100-9A02-FECFF39B9F81}.Release|Any CPU.Build.0 = Release|Any CPU
	EndGlobalSection
	GlobalSection(SolutionProperties) = preSolution
		HideSolutionNode = FALSE
	EndGlobalSection
	GlobalSection(ExtensibilityGlobals) = postSolution
		SolutionGuid = {EEF2BF45-9CE6-45CA-A317-07EFD4FF59BA}
	EndGlobalSection
EndGlobal
